
Microsoft Visual Studio Solution File, Format Version 12.00
# Visual Studio 14
VisualStudioVersion = 14.0.25420.1
MinimumVisualStudioVersion = 10.0.40219.1
Project("{FAE04EC0-301F-11D3-BF4B-00C04F79EFBC}") = "Online shopping system", "Online shopping system\Online shopping system.csproj", "{513FB477-8D94-4F91-B0A2-7D227DC7EEDF}"
EndProject
Global
	GlobalSection(SolutionConfigurationPlatforms) = preSolution
		Debug|Any CPU = Debug|Any CPU
		Release|Any CPU = Release|Any CPU
	EndGlobalSection
	GlobalSection(ProjectConfigurationPlatforms) = postSolution
		{513FB477-8D94-4F91-B0A2-7D227DC7EEDF}.Debug|Any CPU.ActiveCfg = Debug|Any CPU
		{513FB477-8D94-4F91-B0A2-7D227DC7EEDF}.Debug|Any CPU.Build.0 = Debug|Any CPU
		{513FB477-8D94-4F91-B0A2-7D227DC7EEDF}.Release|Any CPU.ActiveCfg = Release|Any CPU
		{513FB477-8D94-4F91-B0A2-7D227DC7EEDF}.Release|Any CPU.Build.0 = Release|Any CPU
	EndGlobalSection
	GlobalSection(SolutionProperties) = preSolution
		HideSolutionNode = FALSE
	EndGlobalSection
EndGlobal
